github.com/clbanning/x2j v0.0.0-20191024224557-825249438eec h1:EdRZT3IeKQmfCSrgo8SZ8V3MEnskuJP0wCYNpe+aiXo=
github.com/clbanning/x2j v0.0.0-20191024224557-825249438eec/go.mod h1:jMjuTZXRI4dUb/I5gc9Hdhagfvm9+RyrPryS/auMzxE=
github.com/davecgh/go-spew v1.1.1 h1:vj9j/u1bqnvCEfJOwUhtlOARqs3+rkHYY13jYWTU97c=
github.com/davecgh/go-spew v1.1.1/go.mod h1:J7Y8YcW2NihsgmVo/mv3lAwl/skON4iLHjSsI+c5H38=
github.com/pmezard/go-difflib v1.0.0 h1:4DBwDE0NGyQoBHbLQYPwSUPoCMWR5BEzIk/f1lZbAQM=
github.com/pmezard/go-difflib v1.0.0/go.mod h1:iKH77koFhYxTK1pcRnkKkqfTogsbg7gZNVY4sRDYZ/4=
github.com/stretchr/codecs v0.0.0-20170403063245-04a5b1e1910d h1:gXQ+QS3q874pcayiqszimfHPQ7ySFcekgzBMoTaVawk=
github.com/stretchr/codecs v0.0.0-20170403063245-04a5b1e1910d/go.mod h1:RpfDhdqip2BYhzoE4esKm8axH5VywpvMW9o3wfcamek=
github.com/stretchr/goweb v0.0.0-20140611034857-d7518e7a1cf8 h1:9sSuvyBbZn/05mXmUlZVDiYOic6gXfwCMEpKyAVgneo=
github.com/stretchr/goweb v0.0.0-20140611034857-d7518e7a1cf8/go.mod h1:JL8/cX4w3y4c8menqXxnUCxpU73taTy/7CcROlSEjY0=
github.com/stretchr/objx v0.5.2 h1:xuMeJ0Sdp5ZMRXx/aWO6RZxdr3beISkG5/G/aIRr3pY=
github.com/stretchr/objx v0.5.2/go.mod h1:FRsXN1f5AsAjCGJKqEizvkpNtU+EGNCLh3NxZ/8L+MA=
github.com/stretchr/stew v0.0.0-20130812190256-80ef0842b48b h1:DmfFjW6pLdaJNVHfKgCxTdKFI6tM+0YbMd0kx7kE78s=
github.com/stretchr/stew v0.0.0-20130812190256-80ef0842b48b/go.mod h1:yS/5aMz+lfJhykLjlAGbnhUhZIvVapOvtmk0MtzHktE=
github.com/stretchr/testify v1.11.1 h1:7s2iGBzp5EwR7/aIZr8ao5+dra3wiQyKjjFuvgVKu7U=
github.com/stretchr/testify v1.11.1/go.mod h1:wZwfW3scLgRK+23gO65QZefKpKQRnfz6sD981Nm4B6U=
github.com/ugorji/go/codec v1.3.0 h1:Qd2W2sQawAfG8XSvzwhBeoGq71zXOC/Q1E9y/wUcsUA=
github.com/ugorji/go/codec v1.3.0/go.mod h1:pRBVtBSKl77K30Bv8R2P+cLSGaTtex6fsA2Wjqmfxj4=
gopkg.in/check.v1 v0.0.0-20161208181325-20d25e280405/go.mod h1:Co6ibVJAznAaIkqp8huTwlJQCZ016jof/cbN4VW5Yz0=
gopkg.in/mgo.v2 v2.0.0-20190816093944-a6b53ec6cb22 h1:VpOs+IwYnYBaFnrNAeB8UUWtL3vEUnzSCL1nVjPhqrw=
gopkg.in/mgo.v2 v2.0.0-20190816093944-a6b53ec6cb22/go.mod h1:yeKp02qBN3iKW1OzL3MGk2IdtZzaj7SFntXj72NppTA=
gopkg.in/yaml.v3 v3.0.1 h1:fxVm/GzAzEWqLHuvctI91KS9hhNmmWOoWu0XTYJS7CA=
gopkg.in/yaml.v3 v3.0.1/go.mod h1:K4uyk7z7BCEPqu6E+C64Yfv1cQ7kz7rIZviUmN+EgEM=
